
Microsoft Visual Studio Solution File, Format Version 12.00
# Visual Studio 15
VisualStudioVersion = 15.0.28307.779
MinimumVisualStudioVersion = 10.0.40219.1
Project("{FAE04EC0-301F-11D3-BF4B-00C04F79EFBC}") = "JCurs5", "JCurs5\JCurs5.csproj", "{CE9371EA-53EF-4226-B2C1-364CBFE12E48}"
EndProject
Global
	GlobalSection(SolutionConfigurationPlatforms) = preSolution
		Debug|Any CPU = Debug|Any CPU
		Release|Any CPU = Release|Any CPU
	EndGlobalSection
	GlobalSection(ProjectConfigurationPlatforms) = postSolution
		{CE9371EA-53EF-4226-B2C1-364CBFE12E48}.Debug|Any CPU.ActiveCfg = Debug|Any CPU
		{CE9371EA-53EF-4226-B2C1-364CBFE12E48}.Debug|Any CPU.Build.0 = Debug|Any CPU
		{CE9371EA-53EF-4226-B2C1-364CBFE12E48}.Release|Any CPU.ActiveCfg = Release|Any CPU
		{CE9371EA-53EF-4226-B2C1-364CBFE12E48}.Release|Any CPU.Build.0 = Release|Any CPU
	EndGlobalSection
	GlobalSection(SolutionProperties) = preSolution
		HideSolutionNode = FALSE
	EndGlobalSection
	GlobalSection(ExtensibilityGlobals) = postSolution
		SolutionGuid = {FC8C1A97-8388-43A6-A82E-D882E03D7E25}
	EndGlobalSection
EndGlobal
