
Microsoft Visual Studio Solution File, Format Version 12.00
# Visual Studio 15
VisualStudioVersion = 15.0.28307.779
MinimumVisualStudioVersion = 10.0.40219.1
Project("{FAE04EC0-301F-11D3-BF4B-00C04F79EFBC}") = "JCur1", "JCur1\JCur1.csproj", "{8D3816CD-E616-4C55-B27E-EA974F46F38B}"
EndProject
Global
	GlobalSection(SolutionConfigurationPlatforms) = preSolution
		Debug|Any CPU = Debug|Any CPU
		Release|Any CPU = Release|Any CPU
	EndGlobalSection
	GlobalSection(ProjectConfigurationPlatforms) = postSolution
		{8D3816CD-E616-4C55-B27E-EA974F46F38B}.Debug|Any CPU.ActiveCfg = Debug|Any CPU
		{8D3816CD-E616-4C55-B27E-EA974F46F38B}.Debug|Any CPU.Build.0 = Debug|Any CPU
		{8D3816CD-E616-4C55-B27E-EA974F46F38B}.Release|Any CPU.ActiveCfg = Release|Any CPU
		{8D3816CD-E616-4C55-B27E-EA974F46F38B}.Release|Any CPU.Build.0 = Release|Any CPU
	EndGlobalSection
	GlobalSection(SolutionProperties) = preSolution
		HideSolutionNode = FALSE
	EndGlobalSection
	GlobalSection(ExtensibilityGlobals) = postSolution
		SolutionGuid = {64F8EF06-E8DD-4DC2-BAC5-891EC3352DC4}
	EndGlobalSection
EndGlobal
